
Microsoft Visual Studio Solution File, Format Version 12.00
# Visual Studio 14
VisualStudioVersion = 14.0.25420.1
MinimumVisualStudioVersion = 10.0.40219.1
Project("{FAE04EC0-301F-11D3-BF4B-00C04F79EFBC}") = "Problem1", "Problem1\Problem1.csproj", "{2E8800A1-E0C2-4451-A2B1-E259AD048D2F}"
EndProject
Project("{FAE04EC0-301F-11D3-BF4B-00C04F79EFBC}") = "Display", "ConsoleApplication1\Display.csproj", "{8D57DAE9-EA3A-455A-9E43-131E1EFDD98D}"
EndProject
Project("{FAE04EC0-301F-11D3-BF4B-00C04F79EFBC}") = "Problem2", "Problem2\Problem2.csproj", "{350F0DEB-5E19-4761-BFCD-7FB415835649}"
EndProject
Project("{FAE04EC0-301F-11D3-BF4B-00C04F79EFBC}") = "problem3", "problem3\problem3.csproj", "{A90939CC-B5EA-4DB4-B985-D1F3A7B403C8}"
EndProject
Project("{FAE04EC0-301F-11D3-BF4B-00C04F79EFBC}") = "problem4", "problem4\problem4.csproj", "{1D3608E2-ED29-4BDE-9937-B463DAA2BA69}"
EndProject
Project("{FAE04EC0-301F-11D3-BF4B-00C04F79EFBC}") = "Problem5", "Problem5\Problem5.csproj", "{1CD81DB8-9F02-4653-9D80-52D194F7CCD5}"
EndProject
Project("{FAE04EC0-301F-11D3-BF4B-00C04F79EFBC}") = "problem6", "problem6\problem6.csproj", "{8208A99F-D8D4-4B73-A52E-DEC020C0A439}"
EndProject
Project("{FAE04EC0-301F-11D3-BF4B-00C04F79EFBC}") = "problem7", "problem7\problem7.csproj", "{92595B98-2382-4105-9C75-3A2ACC6BE5D3}"
EndProject
Project("{FAE04EC0-301F-11D3-BF4B-00C04F79EFBC}") = "problem8", "problem8\problem8.csproj", "{0D25A77F-B1D0-4A84-BF97-2DC4474AC3EC}"
EndProject
Project("{FAE04EC0-301F-11D3-BF4B-00C04F79EFBC}") = "problem9", "problem9\problem9.csproj", "{47054BA8-6B7F-4C0F-9D36-3B9BB9B5C100}"
EndProject
Project("{FAE04EC0-301F-11D3-BF4B-00C04F79EFBC}") = "problem10", "problem10\problem10.csproj", "{825B1657-47C7-4486-81EE-99A95D1E265E}"
EndProject
Project("{FAE04EC0-301F-11D3-BF4B-00C04F79EFBC}") = "problem11", "problem11\problem11.csproj", "{41B40044-F5C9-4D04-8A76-C74BBF84759A}"
EndProject
Project("{FAE04EC0-301F-11D3-BF4B-00C04F79EFBC}") = "problem12", "problem12\problem12.csproj", "{31453945-8DC0-4A4D-98F0-A8A5517D7977}"
EndProject
Project("{FAE04EC0-301F-11D3-BF4B-00C04F79EFBC}") = "problem13", "problem13\problem13.csproj", "{1A1EF173-D4BE-4A38-A35E-0D533636267D}"
EndProject
Global
	GlobalSection(SolutionConfigurationPlatforms) = preSolution
		Debug|Any CPU = Debug|Any CPU
		Release|Any CPU = Release|Any CPU
	EndGlobalSection
	GlobalSection(ProjectConfigurationPlatforms) = postSolution
		{2E8800A1-E0C2-4451-A2B1-E259AD048D2F}.Debug|Any CPU.ActiveCfg = Debug|Any CPU
		{2E8800A1-E0C2-4451-A2B1-E259AD048D2F}.Debug|Any CPU.Build.0 = Debug|Any CPU
		{2E8800A1-E0C2-4451-A2B1-E259AD048D2F}.Release|Any CPU.ActiveCfg = Release|Any CPU
		{2E8800A1-E0C2-4451-A2B1-E259AD048D2F}.Release|Any CPU.Build.0 = Release|Any CPU
		{8D57DAE9-EA3A-455A-9E43-131E1EFDD98D}.Debug|Any CPU.ActiveCfg = Debug|Any CPU
		{8D57DAE9-EA3A-455A-9E43-131E1EFDD98D}.Debug|Any CPU.Build.0 = Debug|Any CPU
		{8D57DAE9-EA3A-455A-9E43-131E1EFDD98D}.Release|Any CPU.ActiveCfg = Release|Any CPU
		{8D57DAE9-EA3A-455A-9E43-131E1EFDD98D}.Release|Any CPU.Build.0 = Release|Any CPU
		{350F0DEB-5E19-4761-BFCD-7FB415835649}.Debug|Any CPU.ActiveCfg = Debug|Any CPU
		{350F0DEB-5E19-4761-BFCD-7FB415835649}.Debug|Any CPU.Build.0 = Debug|Any CPU
		{350F0DEB-5E19-4761-BFCD-7FB415835649}.Release|Any CPU.ActiveCfg = Release|Any CPU
		{350F0DEB-5E19-4761-BFCD-7FB415835649}.Release|Any CPU.Build.0 = Release|Any CPU
		{A90939CC-B5EA-4DB4-B985-D1F3A7B403C8}.Debug|Any CPU.ActiveCfg = Debug|Any CPU
		{A90939CC-B5EA-4DB4-B985-D1F3A7B403C8}.Debug|Any CPU.Build.0 = Debug|Any CPU
		{A90939CC-B5EA-4DB4-B985-D1F3A7B403C8}.Release|Any CPU.ActiveCfg = Release|Any CPU
		{A90939CC-B5EA-4DB4-B985-D1F3A7B403C8}.Release|Any CPU.Build.0 = Release|Any CPU
		{1D3608E2-ED29-4BDE-9937-B463DAA2BA69}.Debug|Any CPU.ActiveCfg = Debug|Any CPU
		{1D3608E2-ED29-4BDE-9937-B463DAA2BA69}.Debug|Any CPU.Build.0 = Debug|Any CPU
		{1D3608E2-ED29-4BDE-9937-B463DAA2BA69}.Release|Any CPU.ActiveCfg = Release|Any CPU
		{1D3608E2-ED29-4BDE-9937-B463DAA2BA69}.Release|Any CPU.Build.0 = Release|Any CPU
		{1CD81DB8-9F02-4653-9D80-52D194F7CCD5}.Debug|Any CPU.ActiveCfg = Debug|Any CPU
		{1CD81DB8-9F02-4653-9D80-52D194F7CCD5}.Debug|Any CPU.Build.0 = Debug|Any CPU
		{1CD81DB8-9F02-4653-9D80-52D194F7CCD5}.Release|Any CPU.ActiveCfg = Release|Any CPU
		{1CD81DB8-9F02-4653-9D80-52D194F7CCD5}.Release|Any CPU.Build.0 = Release|Any CPU
		{8208A99F-D8D4-4B73-A52E-DEC020C0A439}.Debug|Any CPU.ActiveCfg = Debug|Any CPU
		{8208A99F-D8D4-4B73-A52E-DEC020C0A439}.Debug|Any CPU.Build.0 = Debug|Any CPU
		{8208A99F-D8D4-4B73-A52E-DEC020C0A439}.Release|Any CPU.ActiveCfg = Release|Any CPU
		{8208A99F-D8D4-4B73-A52E-DEC020C0A439}.Release|Any CPU.Build.0 = Release|Any CPU
		{92595B98-2382-4105-9C75-3A2ACC6BE5D3}.Debug|Any CPU.ActiveCfg = Debug|Any CPU
		{92595B98-2382-4105-9C75-3A2ACC6BE5D3}.Debug|Any CPU.Build.0 = Debug|Any CPU
		{92595B98-2382-4105-9C75-3A2ACC6BE5D3}.Release|Any CPU.ActiveCfg = Release|Any CPU
		{92595B98-2382-4105-9C75-3A2ACC6BE5D3}.Release|Any CPU.Build.0 = Release|Any CPU
		{0D25A77F-B1D0-4A84-BF97-2DC4474AC3EC}.Debug|Any CPU.ActiveCfg = Debug|Any CPU
		{0D25A77F-B1D0-4A84-BF97-2DC4474AC3EC}.Debug|Any CPU.Build.0 = Debug|Any CPU
		{0D25A77F-B1D0-4A84-BF97-2DC4474AC3EC}.Release|Any CPU.ActiveCfg = Release|Any CPU
		{0D25A77F-B1D0-4A84-BF97-2DC4474AC3EC}.Release|Any CPU.Build.0 = Release|Any CPU
		{47054BA8-6B7F-4C0F-9D36-3B9BB9B5C100}.Debug|Any CPU.ActiveCfg = Debug|Any CPU
		{47054BA8-6B7F-4C0F-9D36-3B9BB9B5C100}.Debug|Any CPU.Build.0 = Debug|Any CPU
		{47054BA8-6B7F-4C0F-9D36-3B9BB9B5C100}.Release|Any CPU.ActiveCfg = Release|Any CPU
		{47054BA8-6B7F-4C0F-9D36-3B9BB9B5C100}.Release|Any CPU.Build.0 = Release|Any CPU
		{825B1657-47C7-4486-81EE-99A95D1E265E}.Debug|Any CPU.ActiveCfg = Debug|Any CPU
		{825B1657-47C7-4486-81EE-99A95D1E265E}.Debug|Any CPU.Build.0 = Debug|Any CPU
		{825B1657-47C7-4486-81EE-99A95D1E265E}.Release|Any CPU.ActiveCfg = Release|Any CPU
		{825B1657-47C7-4486-81EE-99A95D1E265E}.Release|Any CPU.Build.0 = Release|Any CPU
		{41B40044-F5C9-4D04-8A76-C74BBF84759A}.Debug|Any CPU.ActiveCfg = Debug|Any CPU
		{41B40044-F5C9-4D04-8A76-C74BBF84759A}.Debug|Any CPU.Build.0 = Debug|Any CPU
		{41B40044-F5C9-4D04-8A76-C74BBF84759A}.Release|Any CPU.ActiveCfg = Debug|Any CPU
		{41B40044-F5C9-4D04-8A76-C74BBF84759A}.Release|Any CPU.Build.0 = Debug|Any CPU
		{31453945-8DC0-4A4D-98F0-A8A5517D7977}.Debug|Any CPU.ActiveCfg = Debug|Any CPU
		{31453945-8DC0-4A4D-98F0-A8A5517D7977}.Debug|Any CPU.Build.0 = Debug|Any CPU
		{31453945-8DC0-4A4D-98F0-A8A5517D7977}.Release|Any CPU.ActiveCfg = Release|Any CPU
		{31453945-8DC0-4A4D-98F0-A8A5517D7977}.Release|Any CPU.Build.0 = Release|Any CPU
		{1A1EF173-D4BE-4A38-A35E-0D533636267D}.Debug|Any CPU.ActiveCfg = Debug|Any CPU
		{1A1EF173-D4BE-4A38-A35E-0D533636267D}.Debug|Any CPU.Build.0 = Debug|Any CPU
		{1A1EF173-D4BE-4A38-A35E-0D533636267D}.Release|Any CPU.ActiveCfg = Release|Any CPU
		{1A1EF173-D4BE-4A38-A35E-0D533636267D}.Release|Any CPU.Build.0 = Release|Any CPU
	EndGlobalSection
	GlobalSection(SolutionProperties) = preSolution
		HideSolutionNode = FALSE
	EndGlobalSection
EndGlobal
